
Microsoft Visual Studio Solution File, Format Version 12.00
# Visual Studio Version 17
VisualStudioVersion = 17.3.32922.545
MinimumVisualStudioVersion = 10.0.40219.1
Project("{8BC9CEB8-8B4A-11D0-8D11-00A0C91BC942}") = "1_1", "LAB_PC\LAB_PC.vcxproj", "{8327CE0C-2D78-4CCB-A615-F23A98ABBC30}"
EndProject
Project("{8BC9CEB8-8B4A-11D0-8D11-00A0C91BC942}") = "1_2", "Lab_2\Lab_2.vcxproj", "{19DFCA5E-09CE-40EA-8DD5-00CA64A31479}"
EndProject
Project("{8BC9CEB8-8B4A-11D0-8D11-00A0C91BC942}") = "2_1", "2_1\2_1.vcxproj", "{76968EFD-2D2C-486D-936A-F74083A72D13}"
EndProject
Project("{8BC9CEB8-8B4A-11D0-8D11-00A0C91BC942}") = "2_2", "2_2\2_2.vcxproj", "{83621D36-E71C-498C-A3CF-FF90511D3DB9}"
EndProject
Project("{8BC9CEB8-8B4A-11D0-8D11-00A0C91BC942}") = "2_3", "2_3\2_3.vcxproj", "{8FC61A32-1426-4FDD-BBC4-9B6091F730E7}"
EndProject
Project("{8BC9CEB8-8B4A-11D0-8D11-00A0C91BC942}") = "2_4", "2_4\2_4.vcxproj", "{3C82611A-856D-4BAD-9B39-1D625C522924}"
EndProject
Global
	GlobalSection(SolutionConfigurationPlatforms) = preSolution
		Debug|x64 = Debug|x64
		Debug|x86 = Debug|x86
		Release|x64 = Release|x64
		Release|x86 = Release|x86
	EndGlobalSection
	GlobalSection(ProjectConfigurationPlatforms) = postSolution
		{8327CE0C-2D78-4CCB-A615-F23A98ABBC30}.Debug|x64.ActiveCfg = Debug|x64
		{8327CE0C-2D78-4CCB-A615-F23A98ABBC30}.Debug|x64.Build.0 = Debug|x64
		{8327CE0C-2D78-4CCB-A615-F23A98ABBC30}.Debug|x86.ActiveCfg = Debug|Win32
		{8327CE0C-2D78-4CCB-A615-F23A98ABBC30}.Debug|x86.Build.0 = Debug|Win32
		{8327CE0C-2D78-4CCB-A615-F23A98ABBC30}.Release|x64.ActiveCfg = Release|x64
		{8327CE0C-2D78-4CCB-A615-F23A98ABBC30}.Release|x64.Build.0 = Release|x64
		{8327CE0C-2D78-4CCB-A615-F23A98ABBC30}.Release|x86.ActiveCfg = Release|Win32
		{8327CE0C-2D78-4CCB-A615-F23A98ABBC30}.Release|x86.Build.0 = Release|Win32
		{19DFCA5E-09CE-40EA-8DD5-00CA64A31479}.Debug|x64.ActiveCfg = Debug|x64
		{19DFCA5E-09CE-40EA-8DD5-00CA64A31479}.Debug|x64.Build.0 = Debug|x64
		{19DFCA5E-09CE-40EA-8DD5-00CA64A31479}.Debug|x86.ActiveCfg = Debug|Win32
		{19DFCA5E-09CE-40EA-8DD5-00CA64A31479}.Debug|x86.Build.0 = Debug|Win32
		{19DFCA5E-09CE-40EA-8DD5-00CA64A31479}.Release|x64.ActiveCfg = Release|x64
		{19DFCA5E-09CE-40EA-8DD5-00CA64A31479}.Release|x64.Build.0 = Release|x64
		{19DFCA5E-09CE-40EA-8DD5-00CA64A31479}.Release|x86.ActiveCfg = Release|Win32
		{19DFCA5E-09CE-40EA-8DD5-00CA64A31479}.Release|x86.Build.0 = Release|Win32
		{76968EFD-2D2C-486D-936A-F74083A72D13}.Debug|x64.ActiveCfg = Debug|x64
		{76968EFD-2D2C-486D-936A-F74083A72D13}.Debug|x64.Build.0 = Debug|x64
		{76968EFD-2D2C-486D-936A-F74083A72D13}.Debug|x86.ActiveCfg = Debug|Win32
		{76968EFD-2D2C-486D-936A-F74083A72D13}.Debug|x86.Build.0 = Debug|Win32
		{76968EFD-2D2C-486D-936A-F74083A72D13}.Release|x64.ActiveCfg = Release|x64
		{76968EFD-2D2C-486D-936A-F74083A72D13}.Release|x64.Build.0 = Release|x64
		{76968EFD-2D2C-486D-936A-F74083A72D13}.Release|x86.ActiveCfg = Release|Win32
		{76968EFD-2D2C-486D-936A-F74083A72D13}.Release|x86.Build.0 = Release|Win32
		{83621D36-E71C-498C-A3CF-FF90511D3DB9}.Debug|x64.ActiveCfg = Debug|x64
		{83621D36-E71C-498C-A3CF-FF90511D3DB9}.Debug|x64.Build.0 = Debug|x64
		{83621D36-E71C-498C-A3CF-FF90511D3DB9}.Debug|x86.ActiveCfg = Debug|Win32
		{83621D36-E71C-498C-A3CF-FF90511D3DB9}.Debug|x86.Build.0 = Debug|Win32
		{83621D36-E71C-498C-A3CF-FF90511D3DB9}.Release|x64.ActiveCfg = Release|x64
		{83621D36-E71C-498C-A3CF-FF90511D3DB9}.Release|x64.Build.0 = Release|x64
		{83621D36-E71C-498C-A3CF-FF90511D3DB9}.Release|x86.ActiveCfg = Release|Win32
		{83621D36-E71C-498C-A3CF-FF90511D3DB9}.Release|x86.Build.0 = Release|Win32
		{8FC61A32-1426-4FDD-BBC4-9B6091F730E7}.Debug|x64.ActiveCfg = Debug|x64
		{8FC61A32-1426-4FDD-BBC4-9B6091F730E7}.Debug|x64.Build.0 = Debug|x64
		{8FC61A32-1426-4FDD-BBC4-9B6091F730E7}.Debug|x86.ActiveCfg = Debug|Win32
		{8FC61A32-1426-4FDD-BBC4-9B6091F730E7}.Debug|x86.Build.0 = Debug|Win32
		{8FC61A32-1426-4FDD-BBC4-9B6091F730E7}.Release|x64.ActiveCfg = Release|x64
		{8FC61A32-1426-4FDD-BBC4-9B6091F730E7}.Release|x64.Build.0 = Release|x64
		{8FC61A32-1426-4FDD-BBC4-9B6091F730E7}.Release|x86.ActiveCfg = Release|Win32
		{8FC61A32-1426-4FDD-BBC4-9B6091F730E7}.Release|x86.Build.0 = Release|Win32
		{3C82611A-856D-4BAD-9B39-1D625C522924}.Debug|x64.ActiveCfg = Debug|x64
		{3C82611A-856D-4BAD-9B39-1D625C522924}.Debug|x64.Build.0 = Debug|x64
		{3C82611A-856D-4BAD-9B39-1D625C522924}.Debug|x86.ActiveCfg = Debug|Win32
		{3C82611A-856D-4BAD-9B39-1D625C522924}.Debug|x86.Build.0 = Debug|Win32
		{3C82611A-856D-4BAD-9B39-1D625C522924}.Release|x64.ActiveCfg = Release|x64
		{3C82611A-856D-4BAD-9B39-1D625C522924}.Release|x64.Build.0 = Release|x64
		{3C82611A-856D-4BAD-9B39-1D625C522924}.Release|x86.ActiveCfg = Release|Win32
		{3C82611A-856D-4BAD-9B39-1D625C522924}.Release|x86.Build.0 = Release|Win32
	EndGlobalSection
	GlobalSection(SolutionProperties) = preSolution
		HideSolutionNode = FALSE
	EndGlobalSection
	GlobalSection(ExtensibilityGlobals) = postSolution
		SolutionGuid = {41137C52-29EA-4448-9E68-640D9D09D7C0}
	EndGlobalSection
EndGlobal
