
Microsoft Visual Studio Solution File, Format Version 12.00
# Visual Studio Version 17
VisualStudioVersion = 17.3.32922.545
MinimumVisualStudioVersion = 10.0.40219.1
Project("{8BC9CEB8-8B4A-11D0-8D11-00A0C91BC942}") = "1_1", "LAB_PC\LAB_PC.vcxproj", "{8327CE0C-2D78-4CCB-A615-F23A98ABBC30}"
EndProject
Project("{8BC9CEB8-8B4A-11D0-8D11-00A0C91BC942}") = "1_2", "Lab_2\Lab_2.vcxproj", "{19DFCA5E-09CE-40EA-8DD5-00CA64A31479}"
EndProject
Project("{8BC9CEB8-8B4A-11D0-8D11-00A0C91BC942}") = "2_1", "2_1\2_1.vcxproj", "{76968EFD-2D2C-486D-936A-F74083A72D13}"
EndProject
Project("{8BC9CEB8-8B4A-11D0-8D11-00A0C91BC942}") = "2_2", "2_2\2_2.vcxproj", "{83621D36-E71C-498C-A3CF-FF90511D3DB9}"
EndProject
Project("{8BC9CEB8-8B4A-11D0-8D11-00A0C91BC942}") = "2_3", "2_3\2_3.vcxproj", "{8FC61A32-1426-4FDD-BBC4-9B6091F730E7}"
EndProject
Project("{8BC9CEB8-8B4A-11D0-8D11-00A0C91BC942}") = "2_4", "2_4\2_4.vcxproj", "{3C82611A-856D-4BAD-9B39-1D625C522924}"
EndProject
Project("{8BC9CEB8-8B4A-11D0-8D11-00A0C91BC942}") = "3_1", "3_1\3_1.vcxproj", "{CC5EACB7-4E3C-4DFA-9FF0-B8DE445040E5}"
EndProject
Project("{8BC9CEB8-8B4A-11D0-8D11-00A0C91BC942}") = "3_2", "3_2\3_2.vcxproj", "{83DFE2A1-6412-4257-A868-4699FA331AB0}"
EndProject
Project("{8BC9CEB8-8B4A-11D0-8D11-00A0C91BC942}") = "4_1", "4_1\4_1.vcxproj", "{9BC7F3A0-D1B7-4D18-B554-50618EFD2B48}"
EndProject
Project("{8BC9CEB8-8B4A-11D0-8D11-00A0C91BC942}") = "4_2", "4_2\4_2.vcxproj", "{B16945DF-1EFF-4862-B5EC-02F14654E996}"
EndProject
Project("{8BC9CEB8-8B4A-11D0-8D11-00A0C91BC942}") = "4_3", "4_3\4_3.vcxproj", "{73D9DC25-1B30-460C-8ECC-8CAD4680DE9F}"
EndProject
Project("{8BC9CEB8-8B4A-11D0-8D11-00A0C91BC942}") = "4_4", "4_4\4_4.vcxproj", "{4F22D53F-9113-4AD3-AC38-DB8A3448FC53}"
EndProject
Project("{8BC9CEB8-8B4A-11D0-8D11-00A0C91BC942}") = "5_1", "5_1\5_1.vcxproj", "{F1D4A25A-4590-4013-AF22-3720493787E3}"
EndProject
Project("{8BC9CEB8-8B4A-11D0-8D11-00A0C91BC942}") = "5_2", "5_2\5_2.vcxproj", "{2AAB403B-F8BB-4752-8748-A5F9D0C09110}"
EndProject
Project("{8BC9CEB8-8B4A-11D0-8D11-00A0C91BC942}") = "5_2_1", "5_2_1\5_2_1.vcxproj", "{202D8A62-6848-41D7-93DF-3F3AA932AF3E}"
EndProject
Project("{8BC9CEB8-8B4A-11D0-8D11-00A0C91BC942}") = "6_1", "6_1\6_1.vcxproj", "{485EEBCA-399F-4482-999A-1C694F6D63EC}"
EndProject
Project("{8BC9CEB8-8B4A-11D0-8D11-00A0C91BC942}") = "7_1", "7_1\7_1.vcxproj", "{7D356900-5B36-4E41-838D-30A3D3ED0408}"
EndProject
Project("{8BC9CEB8-8B4A-11D0-8D11-00A0C91BC942}") = "7_2", "7_2\7_2.vcxproj", "{15A65C52-447F-4ACA-AE79-6AE0AAC45FA3}"
EndProject
Project("{8BC9CEB8-8B4A-11D0-8D11-00A0C91BC942}") = "7_3", "7_3\7_3.vcxproj", "{9CB1ADFF-456B-4DE7-BE87-FEB78E5F1FD6}"
EndProject
Project("{8BC9CEB8-8B4A-11D0-8D11-00A0C91BC942}") = "7_4", "7_4\7_4.vcxproj", "{B1611132-ECDC-4293-8C95-A33EBE6E8684}"
EndProject
Project("{8BC9CEB8-8B4A-11D0-8D11-00A0C91BC942}") = "Final", "Final\Final.vcxproj", "{3FA0AD8C-2C4A-4700-905E-EF8EB971F5E0}"
EndProject
Global
	GlobalSection(SolutionConfigurationPlatforms) = preSolution
		Debug|x64 = Debug|x64
		Debug|x86 = Debug|x86
		Release|x64 = Release|x64
		Release|x86 = Release|x86
	EndGlobalSection
	GlobalSection(ProjectConfigurationPlatforms) = postSolution
		{8327CE0C-2D78-4CCB-A615-F23A98ABBC30}.Debug|x64.ActiveCfg = Debug|x64
		{8327CE0C-2D78-4CCB-A615-F23A98ABBC30}.Debug|x64.Build.0 = Debug|x64
		{8327CE0C-2D78-4CCB-A615-F23A98ABBC30}.Debug|x86.ActiveCfg = Debug|Win32
		{8327CE0C-2D78-4CCB-A615-F23A98ABBC30}.Debug|x86.Build.0 = Debug|Win32
		{8327CE0C-2D78-4CCB-A615-F23A98ABBC30}.Release|x64.ActiveCfg = Release|x64
		{8327CE0C-2D78-4CCB-A615-F23A98ABBC30}.Release|x64.Build.0 = Release|x64
		{8327CE0C-2D78-4CCB-A615-F23A98ABBC30}.Release|x86.ActiveCfg = Release|Win32
		{8327CE0C-2D78-4CCB-A615-F23A98ABBC30}.Release|x86.Build.0 = Release|Win32
		{19DFCA5E-09CE-40EA-8DD5-00CA64A31479}.Debug|x64.ActiveCfg = Debug|x64
		{19DFCA5E-09CE-40EA-8DD5-00CA64A31479}.Debug|x64.Build.0 = Debug|x64
		{19DFCA5E-09CE-40EA-8DD5-00CA64A31479}.Debug|x86.ActiveCfg = Debug|Win32
		{19DFCA5E-09CE-40EA-8DD5-00CA64A31479}.Debug|x86.Build.0 = Debug|Win32
		{19DFCA5E-09CE-40EA-8DD5-00CA64A31479}.Release|x64.ActiveCfg = Release|x64
		{19DFCA5E-09CE-40EA-8DD5-00CA64A31479}.Release|x64.Build.0 = Release|x64
		{19DFCA5E-09CE-40EA-8DD5-00CA64A31479}.Release|x86.ActiveCfg = Release|Win32
		{19DFCA5E-09CE-40EA-8DD5-00CA64A31479}.Release|x86.Build.0 = Release|Win32
		{76968EFD-2D2C-486D-936A-F74083A72D13}.Debug|x64.ActiveCfg = Debug|x64
		{76968EFD-2D2C-486D-936A-F74083A72D13}.Debug|x64.Build.0 = Debug|x64
		{76968EFD-2D2C-486D-936A-F74083A72D13}.Debug|x86.ActiveCfg = Debug|Win32
		{76968EFD-2D2C-486D-936A-F74083A72D13}.Debug|x86.Build.0 = Debug|Win32
		{76968EFD-2D2C-486D-936A-F74083A72D13}.Release|x64.ActiveCfg = Release|x64
		{76968EFD-2D2C-486D-936A-F74083A72D13}.Release|x64.Build.0 = Release|x64
		{76968EFD-2D2C-486D-936A-F74083A72D13}.Release|x86.ActiveCfg = Release|Win32
		{76968EFD-2D2C-486D-936A-F74083A72D13}.Release|x86.Build.0 = Release|Win32
		{83621D36-E71C-498C-A3CF-FF90511D3DB9}.Debug|x64.ActiveCfg = Debug|x64
		{83621D36-E71C-498C-A3CF-FF90511D3DB9}.Debug|x64.Build.0 = Debug|x64
		{83621D36-E71C-498C-A3CF-FF90511D3DB9}.Debug|x86.ActiveCfg = Debug|Win32
		{83621D36-E71C-498C-A3CF-FF90511D3DB9}.Debug|x86.Build.0 = Debug|Win32
		{83621D36-E71C-498C-A3CF-FF90511D3DB9}.Release|x64.ActiveCfg = Release|x64
		{83621D36-E71C-498C-A3CF-FF90511D3DB9}.Release|x64.Build.0 = Release|x64
		{83621D36-E71C-498C-A3CF-FF90511D3DB9}.Release|x86.ActiveCfg = Release|Win32
		{83621D36-E71C-498C-A3CF-FF90511D3DB9}.Release|x86.Build.0 = Release|Win32
		{8FC61A32-1426-4FDD-BBC4-9B6091F730E7}.Debug|x64.ActiveCfg = Debug|x64
		{8FC61A32-1426-4FDD-BBC4-9B6091F730E7}.Debug|x64.Build.0 = Debug|x64
		{8FC61A32-1426-4FDD-BBC4-9B6091F730E7}.Debug|x86.ActiveCfg = Debug|Win32
		{8FC61A32-1426-4FDD-BBC4-9B6091F730E7}.Debug|x86.Build.0 = Debug|Win32
		{8FC61A32-1426-4FDD-BBC4-9B6091F730E7}.Release|x64.ActiveCfg = Release|x64
		{8FC61A32-1426-4FDD-BBC4-9B6091F730E7}.Release|x64.Build.0 = Release|x64
		{8FC61A32-1426-4FDD-BBC4-9B6091F730E7}.Release|x86.ActiveCfg = Release|Win32
		{8FC61A32-1426-4FDD-BBC4-9B6091F730E7}.Release|x86.Build.0 = Release|Win32
		{3C82611A-856D-4BAD-9B39-1D625C522924}.Debug|x64.ActiveCfg = Debug|x64
		{3C82611A-856D-4BAD-9B39-1D625C522924}.Debug|x64.Build.0 = Debug|x64
		{3C82611A-856D-4BAD-9B39-1D625C522924}.Debug|x86.ActiveCfg = Debug|Win32
		{3C82611A-856D-4BAD-9B39-1D625C522924}.Debug|x86.Build.0 = Debug|Win32
		{3C82611A-856D-4BAD-9B39-1D625C522924}.Release|x64.ActiveCfg = Release|x64
		{3C82611A-856D-4BAD-9B39-1D625C522924}.Release|x64.Build.0 = Release|x64
		{3C82611A-856D-4BAD-9B39-1D625C522924}.Release|x86.ActiveCfg = Release|Win32
		{3C82611A-856D-4BAD-9B39-1D625C522924}.Release|x86.Build.0 = Release|Win32
		{CC5EACB7-4E3C-4DFA-9FF0-B8DE445040E5}.Debug|x64.ActiveCfg = Debug|x64
		{CC5EACB7-4E3C-4DFA-9FF0-B8DE445040E5}.Debug|x64.Build.0 = Debug|x64
		{CC5EACB7-4E3C-4DFA-9FF0-B8DE445040E5}.Debug|x86.ActiveCfg = Debug|Win32
		{CC5EACB7-4E3C-4DFA-9FF0-B8DE445040E5}.Debug|x86.Build.0 = Debug|Win32
		{CC5EACB7-4E3C-4DFA-9FF0-B8DE445040E5}.Release|x64.ActiveCfg = Release|x64
		{CC5EACB7-4E3C-4DFA-9FF0-B8DE445040E5}.Release|x64.Build.0 = Release|x64
		{CC5EACB7-4E3C-4DFA-9FF0-B8DE445040E5}.Release|x86.ActiveCfg = Release|Win32
		{CC5EACB7-4E3C-4DFA-9FF0-B8DE445040E5}.Release|x86.Build.0 = Release|Win32
		{83DFE2A1-6412-4257-A868-4699FA331AB0}.Debug|x64.ActiveCfg = Debug|x64
		{83DFE2A1-6412-4257-A868-4699FA331AB0}.Debug|x64.Build.0 = Debug|x64
		{83DFE2A1-6412-4257-A868-4699FA331AB0}.Debug|x86.ActiveCfg = Debug|Win32
		{83DFE2A1-6412-4257-A868-4699FA331AB0}.Debug|x86.Build.0 = Debug|Win32
		{83DFE2A1-6412-4257-A868-4699FA331AB0}.Release|x64.ActiveCfg = Release|x64
		{83DFE2A1-6412-4257-A868-4699FA331AB0}.Release|x64.Build.0 = Release|x64
		{83DFE2A1-6412-4257-A868-4699FA331AB0}.Release|x86.ActiveCfg = Release|Win32
		{83DFE2A1-6412-4257-A868-4699FA331AB0}.Release|x86.Build.0 = Release|Win32
		{9BC7F3A0-D1B7-4D18-B554-50618EFD2B48}.Debug|x64.ActiveCfg = Debug|x64
		{9BC7F3A0-D1B7-4D18-B554-50618EFD2B48}.Debug|x64.Build.0 = Debug|x64
		{9BC7F3A0-D1B7-4D18-B554-50618EFD2B48}.Debug|x86.ActiveCfg = Debug|Win32
		{9BC7F3A0-D1B7-4D18-B554-50618EFD2B48}.Debug|x86.Build.0 = Debug|Win32
		{9BC7F3A0-D1B7-4D18-B554-50618EFD2B48}.Release|x64.ActiveCfg = Release|x64
		{9BC7F3A0-D1B7-4D18-B554-50618EFD2B48}.Release|x64.Build.0 = Release|x64
		{9BC7F3A0-D1B7-4D18-B554-50618EFD2B48}.Release|x86.ActiveCfg = Release|Win32
		{9BC7F3A0-D1B7-4D18-B554-50618EFD2B48}.Release|x86.Build.0 = Release|Win32
		{B16945DF-1EFF-4862-B5EC-02F14654E996}.Debug|x64.ActiveCfg = Debug|x64
		{B16945DF-1EFF-4862-B5EC-02F14654E996}.Debug|x64.Build.0 = Debug|x64
		{B16945DF-1EFF-4862-B5EC-02F14654E996}.Debug|x86.ActiveCfg = Debug|Win32
		{B16945DF-1EFF-4862-B5EC-02F14654E996}.Debug|x86.Build.0 = Debug|Win32
		{B16945DF-1EFF-4862-B5EC-02F14654E996}.Release|x64.ActiveCfg = Release|x64
		{B16945DF-1EFF-4862-B5EC-02F14654E996}.Release|x64.Build.0 = Release|x64
		{B16945DF-1EFF-4862-B5EC-02F14654E996}.Release|x86.ActiveCfg = Release|Win32
		{B16945DF-1EFF-4862-B5EC-02F14654E996}.Release|x86.Build.0 = Release|Win32
		{73D9DC25-1B30-460C-8ECC-8CAD4680DE9F}.Debug|x64.ActiveCfg = Debug|x64
		{73D9DC25-1B30-460C-8ECC-8CAD4680DE9F}.Debug|x64.Build.0 = Debug|x64
		{73D9DC25-1B30-460C-8ECC-8CAD4680DE9F}.Debug|x86.ActiveCfg = Debug|Win32
		{73D9DC25-1B30-460C-8ECC-8CAD4680DE9F}.Debug|x86.Build.0 = Debug|Win32
		{73D9DC25-1B30-460C-8ECC-8CAD4680DE9F}.Release|x64.ActiveCfg = Release|x64
		{73D9DC25-1B30-460C-8ECC-8CAD4680DE9F}.Release|x64.Build.0 = Release|x64
		{73D9DC25-1B30-460C-8ECC-8CAD4680DE9F}.Release|x86.ActiveCfg = Release|Win32
		{73D9DC25-1B30-460C-8ECC-8CAD4680DE9F}.Release|x86.Build.0 = Release|Win32
		{4F22D53F-9113-4AD3-AC38-DB8A3448FC53}.Debug|x64.ActiveCfg = Debug|x64
		{4F22D53F-9113-4AD3-AC38-DB8A3448FC53}.Debug|x64.Build.0 = Debug|x64
		{4F22D53F-9113-4AD3-AC38-DB8A3448FC53}.Debug|x86.ActiveCfg = Debug|Win32
		{4F22D53F-9113-4AD3-AC38-DB8A3448FC53}.Debug|x86.Build.0 = Debug|Win32
		{4F22D53F-9113-4AD3-AC38-DB8A3448FC53}.Release|x64.ActiveCfg = Release|x64
		{4F22D53F-9113-4AD3-AC38-DB8A3448FC53}.Release|x64.Build.0 = Release|x64
		{4F22D53F-9113-4AD3-AC38-DB8A3448FC53}.Release|x86.ActiveCfg = Release|Win32
		{4F22D53F-9113-4AD3-AC38-DB8A3448FC53}.Release|x86.Build.0 = Release|Win32
		{F1D4A25A-4590-4013-AF22-3720493787E3}.Debug|x64.ActiveCfg = Debug|x64
		{F1D4A25A-4590-4013-AF22-3720493787E3}.Debug|x64.Build.0 = Debug|x64
		{F1D4A25A-4590-4013-AF22-3720493787E3}.Debug|x86.ActiveCfg = Debug|Win32
		{F1D4A25A-4590-4013-AF22-3720493787E3}.Debug|x86.Build.0 = Debug|Win32
		{F1D4A25A-4590-4013-AF22-3720493787E3}.Release|x64.ActiveCfg = Release|x64
		{F1D4A25A-4590-4013-AF22-3720493787E3}.Release|x64.Build.0 = Release|x64
		{F1D4A25A-4590-4013-AF22-3720493787E3}.Release|x86.ActiveCfg = Release|Win32
		{F1D4A25A-4590-4013-AF22-3720493787E3}.Release|x86.Build.0 = Release|Win32
		{2AAB403B-F8BB-4752-8748-A5F9D0C09110}.Debug|x64.ActiveCfg = Debug|x64
		{2AAB403B-F8BB-4752-8748-A5F9D0C09110}.Debug|x64.Build.0 = Debug|x64
		{2AAB403B-F8BB-4752-8748-A5F9D0C09110}.Debug|x86.ActiveCfg = Debug|Win32
		{2AAB403B-F8BB-4752-8748-A5F9D0C09110}.Debug|x86.Build.0 = Debug|Win32
		{2AAB403B-F8BB-4752-8748-A5F9D0C09110}.Release|x64.ActiveCfg = Release|x64
		{2AAB403B-F8BB-4752-8748-A5F9D0C09110}.Release|x64.Build.0 = Release|x64
		{2AAB403B-F8BB-4752-8748-A5F9D0C09110}.Release|x86.ActiveCfg = Release|Win32
		{2AAB403B-F8BB-4752-8748-A5F9D0C09110}.Release|x86.Build.0 = Release|Win32
		{202D8A62-6848-41D7-93DF-3F3AA932AF3E}.Debug|x64.ActiveCfg = Debug|x64
		{202D8A62-6848-41D7-93DF-3F3AA932AF3E}.Debug|x64.Build.0 = Debug|x64
		{202D8A62-6848-41D7-93DF-3F3AA932AF3E}.Debug|x86.ActiveCfg = Debug|Win32
		{202D8A62-6848-41D7-93DF-3F3AA932AF3E}.Debug|x86.Build.0 = Debug|Win32
		{202D8A62-6848-41D7-93DF-3F3AA932AF3E}.Release|x64.ActiveCfg = Release|x64
		{202D8A62-6848-41D7-93DF-3F3AA932AF3E}.Release|x64.Build.0 = Release|x64
		{202D8A62-6848-41D7-93DF-3F3AA932AF3E}.Release|x86.ActiveCfg = Release|Win32
		{202D8A62-6848-41D7-93DF-3F3AA932AF3E}.Release|x86.Build.0 = Release|Win32
		{485EEBCA-399F-4482-999A-1C694F6D63EC}.Debug|x64.ActiveCfg = Debug|x64
		{485EEBCA-399F-4482-999A-1C694F6D63EC}.Debug|x64.Build.0 = Debug|x64
		{485EEBCA-399F-4482-999A-1C694F6D63EC}.Debug|x86.ActiveCfg = Debug|Win32
		{485EEBCA-399F-4482-999A-1C694F6D63EC}.Debug|x86.Build.0 = Debug|Win32
		{485EEBCA-399F-4482-999A-1C694F6D63EC}.Release|x64.ActiveCfg = Release|x64
		{485EEBCA-399F-4482-999A-1C694F6D63EC}.Release|x64.Build.0 = Release|x64
		{485EEBCA-399F-4482-999A-1C694F6D63EC}.Release|x86.ActiveCfg = Release|Win32
		{485EEBCA-399F-4482-999A-1C694F6D63EC}.Release|x86.Build.0 = Release|Win32
		{7D356900-5B36-4E41-838D-30A3D3ED0408}.Debug|x64.ActiveCfg = Debug|x64
		{7D356900-5B36-4E41-838D-30A3D3ED0408}.Debug|x64.Build.0 = Debug|x64
		{7D356900-5B36-4E41-838D-30A3D3ED0408}.Debug|x86.ActiveCfg = Debug|Win32
		{7D356900-5B36-4E41-838D-30A3D3ED0408}.Debug|x86.Build.0 = Debug|Win32
		{7D356900-5B36-4E41-838D-30A3D3ED0408}.Release|x64.ActiveCfg = Release|x64
		{7D356900-5B36-4E41-838D-30A3D3ED0408}.Release|x64.Build.0 = Release|x64
		{7D356900-5B36-4E41-838D-30A3D3ED0408}.Release|x86.ActiveCfg = Release|Win32
		{7D356900-5B36-4E41-838D-30A3D3ED0408}.Release|x86.Build.0 = Release|Win32
		{15A65C52-447F-4ACA-AE79-6AE0AAC45FA3}.Debug|x64.ActiveCfg = Debug|x64
		{15A65C52-447F-4ACA-AE79-6AE0AAC45FA3}.Debug|x64.Build.0 = Debug|x64
		{15A65C52-447F-4ACA-AE79-6AE0AAC45FA3}.Debug|x86.ActiveCfg = Debug|Win32
		{15A65C52-447F-4ACA-AE79-6AE0AAC45FA3}.Debug|x86.Build.0 = Debug|Win32
		{15A65C52-447F-4ACA-AE79-6AE0AAC45FA3}.Release|x64.ActiveCfg = Release|x64
		{15A65C52-447F-4ACA-AE79-6AE0AAC45FA3}.Release|x64.Build.0 = Release|x64
		{15A65C52-447F-4ACA-AE79-6AE0AAC45FA3}.Release|x86.ActiveCfg = Release|Win32
		{15A65C52-447F-4ACA-AE79-6AE0AAC45FA3}.Release|x86.Build.0 = Release|Win32
		{9CB1ADFF-456B-4DE7-BE87-FEB78E5F1FD6}.Debug|x64.ActiveCfg = Debug|x64
		{9CB1ADFF-456B-4DE7-BE87-FEB78E5F1FD6}.Debug|x64.Build.0 = Debug|x64
		{9CB1ADFF-456B-4DE7-BE87-FEB78E5F1FD6}.Debug|x86.ActiveCfg = Debug|Win32
		{9CB1ADFF-456B-4DE7-BE87-FEB78E5F1FD6}.Debug|x86.Build.0 = Debug|Win32
		{9CB1ADFF-456B-4DE7-BE87-FEB78E5F1FD6}.Release|x64.ActiveCfg = Release|x64
		{9CB1ADFF-456B-4DE7-BE87-FEB78E5F1FD6}.Release|x64.Build.0 = Release|x64
		{9CB1ADFF-456B-4DE7-BE87-FEB78E5F1FD6}.Release|x86.ActiveCfg = Release|Win32
		{9CB1ADFF-456B-4DE7-BE87-FEB78E5F1FD6}.Release|x86.Build.0 = Release|Win32
		{B1611132-ECDC-4293-8C95-A33EBE6E8684}.Debug|x64.ActiveCfg = Debug|x64
		{B1611132-ECDC-4293-8C95-A33EBE6E8684}.Debug|x64.Build.0 = Debug|x64
		{B1611132-ECDC-4293-8C95-A33EBE6E8684}.Debug|x86.ActiveCfg = Debug|Win32
		{B1611132-ECDC-4293-8C95-A33EBE6E8684}.Debug|x86.Build.0 = Debug|Win32
		{B1611132-ECDC-4293-8C95-A33EBE6E8684}.Release|x64.ActiveCfg = Release|x64
		{B1611132-ECDC-4293-8C95-A33EBE6E8684}.Release|x64.Build.0 = Release|x64
		{B1611132-ECDC-4293-8C95-A33EBE6E8684}.Release|x86.ActiveCfg = Release|Win32
		{B1611132-ECDC-4293-8C95-A33EBE6E8684}.Release|x86.Build.0 = Release|Win32
		{3FA0AD8C-2C4A-4700-905E-EF8EB971F5E0}.Debug|x64.ActiveCfg = Debug|x64
		{3FA0AD8C-2C4A-4700-905E-EF8EB971F5E0}.Debug|x64.Build.0 = Debug|x64
		{3FA0AD8C-2C4A-4700-905E-EF8EB971F5E0}.Debug|x86.ActiveCfg = Debug|Win32
		{3FA0AD8C-2C4A-4700-905E-EF8EB971F5E0}.Debug|x86.Build.0 = Debug|Win32
		{3FA0AD8C-2C4A-4700-905E-EF8EB971F5E0}.Release|x64.ActiveCfg = Release|x64
		{3FA0AD8C-2C4A-4700-905E-EF8EB971F5E0}.Release|x64.Build.0 = Release|x64
		{3FA0AD8C-2C4A-4700-905E-EF8EB971F5E0}.Release|x86.ActiveCfg = Release|Win32
		{3FA0AD8C-2C4A-4700-905E-EF8EB971F5E0}.Release|x86.Build.0 = Release|Win32
	EndGlobalSection
	GlobalSection(SolutionProperties) = preSolution
		HideSolutionNode = FALSE
	EndGlobalSection
	GlobalSection(ExtensibilityGlobals) = postSolution
		SolutionGuid = {41137C52-29EA-4448-9E68-640D9D09D7C0}
	EndGlobalSection
EndGlobal
